
Microsoft Visual Studio Solution File, Format Version 12.00
# Visual Studio Version 16
VisualStudioVersion = 16.0.29519.87
MinimumVisualStudioVersion = 10.0.40219.1
Project("{FAE04EC0-301F-11D3-BF4B-00C04F79EFBC}") = "IEEE 802.3 以太网帧封装", "IEEE 802.3 以太网帧封装\IEEE 802.3 以太网帧封装.csproj", "{70A19AEF-B309-4412-9302-EC67343EB08C}"
EndProject
Project("{FAE04EC0-301F-11D3-BF4B-00C04F79EFBC}") = "BinaryNumInputDialog", "..\..\..\..\..\Desktop\DesktopFiles\IDE\Visual Studio\C#窗体程序\BinaryNumInputDialog\BinaryNumInputDialog.csproj", "{2EB879CD-5B39-45C3-81AF-83152099C0B6}"
EndProject
Global
	GlobalSection(SolutionConfigurationPlatforms) = preSolution
		Debug|Any CPU = Debug|Any CPU
		Release|Any CPU = Release|Any CPU
	EndGlobalSection
	GlobalSection(ProjectConfigurationPlatforms) = postSolution
		{70A19AEF-B309-4412-9302-EC67343EB08C}.Debug|Any CPU.ActiveCfg = Debug|Any CPU
		{70A19AEF-B309-4412-9302-EC67343EB08C}.Debug|Any CPU.Build.0 = Debug|Any CPU
		{70A19AEF-B309-4412-9302-EC67343EB08C}.Release|Any CPU.ActiveCfg = Release|Any CPU
		{70A19AEF-B309-4412-9302-EC67343EB08C}.Release|Any CPU.Build.0 = Release|Any CPU
		{2EB879CD-5B39-45C3-81AF-83152099C0B6}.Debug|Any CPU.ActiveCfg = Debug|Any CPU
		{2EB879CD-5B39-45C3-81AF-83152099C0B6}.Debug|Any CPU.Build.0 = Debug|Any CPU
		{2EB879CD-5B39-45C3-81AF-83152099C0B6}.Release|Any CPU.ActiveCfg = Release|Any CPU
		{2EB879CD-5B39-45C3-81AF-83152099C0B6}.Release|Any CPU.Build.0 = Release|Any CPU
	EndGlobalSection
	GlobalSection(SolutionProperties) = preSolution
		HideSolutionNode = FALSE
	EndGlobalSection
	GlobalSection(ExtensibilityGlobals) = postSolution
		SolutionGuid = {3CF02E5F-583A-4B3D-8848-9E81894DF0A4}
	EndGlobalSection
EndGlobal
